{
  "name": "jajalan",
  "version": "1.0.0",
  "lockfileVersion": 2,
  "requires": true,
  "packages": {
    "": {
      "name": "jajalan",
      "version": "1.0.0",
      "license": "MIT",
      "dependencies": {
        "pkcs11js": "^1.3.1"
      },
      "devDependencies": {
        "node-webcrypto-p11": "^2.6.3"
      }
    },
    "node_modules/@peculiar/asn1-cms": {
      "version": "2.3.8",
      "resolved": "https://registry.npmjs.org/@peculiar/asn1-cms/-/asn1-cms-2.3.8.tgz",
      "integrity": "sha512-Wtk9R7yQxGaIaawHorWKP2OOOm/RZzamOmSWwaqGphIuU6TcKYih0slL6asZlSSZtVoYTrBfrddSOD/jTu9vuQ==",
      "dev": true,
      "dependencies": {
        "@peculiar/asn1-schema": "^2.3.8",
        "@peculiar/asn1-x509": "^2.3.8",
        "@peculiar/asn1-x509-attr": "^2.3.8",
        "asn1js": "^3.0.5",
        "tslib": "^2.6.2"
      }
    },
    "node_modules/@peculiar/asn1-csr": {
      "version": "2.3.8",
      "resolved": "https://registry.npmjs.org/@peculiar/asn1-csr/-/asn1-csr-2.3.8.tgz",
      "integrity": "sha512-ZmAaP2hfzgIGdMLcot8gHTykzoI+X/S53x1xoGbTmratETIaAbSWMiPGvZmXRA0SNEIydpMkzYtq4fQBxN1u1w==",
      "dev": true,
      "dependencies": {
        "@peculiar/asn1-schema": "^2.3.8",
        "@peculiar/asn1-x509": "^2.3.8",
        "asn1js": "^3.0.5",
        "tslib": "^2.6.2"
      }
    },
    "node_modules/@peculiar/asn1-ecc": {
      "version": "2.3.8",
      "resolved": "https://registry.npmjs.org/@peculiar/asn1-ecc/-/asn1-ecc-2.3.8.tgz",
      "integrity": "sha512-Ah/Q15y3A/CtxbPibiLM/LKcMbnLTdUdLHUgdpB5f60sSvGkXzxJCu5ezGTFHogZXWNX3KSmYqilCrfdmBc6pQ==",
      "dev": true,
      "dependencies": {
        "@peculiar/asn1-schema": "^2.3.8",
        "@peculiar/asn1-x509": "^2.3.8",
        "asn1js": "^3.0.5",
        "tslib": "^2.6.2"
      }
    },
    "node_modules/@peculiar/asn1-pfx": {
      "version": "2.3.8",
      "resolved": "https://registry.npmjs.org/@peculiar/asn1-pfx/-/asn1-pfx-2.3.8.tgz",
      "integrity": "sha512-XhdnCVznMmSmgy68B9pVxiZ1XkKoE1BjO4Hv+eUGiY1pM14msLsFZ3N7K46SoITIVZLq92kKkXpGiTfRjlNLyg==",
      "dev": true,
      "dependencies": {
        "@peculiar/asn1-cms": "^2.3.8",
        "@peculiar/asn1-pkcs8": "^2.3.8",
        "@peculiar/asn1-rsa": "^2.3.8",
        "@peculiar/asn1-schema": "^2.3.8",
        "asn1js": "^3.0.5",
        "tslib": "^2.6.2"
      }
    },
    "node_modules/@peculiar/asn1-pkcs8": {
      "version": "2.3.8",
      "resolved": "https://registry.npmjs.org/@peculiar/asn1-pkcs8/-/asn1-pkcs8-2.3.8.tgz",
      "integrity": "sha512-rL8k2x59v8lZiwLRqdMMmOJ30GHt6yuHISFIuuWivWjAJjnxzZBVzMTQ72sknX5MeTSSvGwPmEFk2/N8+UztFQ==",
      "dev": true,
      "dependencies": {
        "@peculiar/asn1-schema": "^2.3.8",
        "@peculiar/asn1-x509": "^2.3.8",
        "asn1js": "^3.0.5",
        "tslib": "^2.6.2"
      }
    },
    "node_modules/@peculiar/asn1-pkcs9": {
      "version": "2.3.8",
      "resolved": "https://registry.npmjs.org/@peculiar/asn1-pkcs9/-/asn1-pkcs9-2.3.8.tgz",
      "integrity": "sha512-+nONq5tcK7vm3qdY7ZKoSQGQjhJYMJbwJGbXLFOhmqsFIxEWyQPHyV99+wshOjpOjg0wUSSkEEzX2hx5P6EKeQ==",
      "dev": true,
      "dependencies": {
        "@peculiar/asn1-cms": "^2.3.8",
        "@peculiar/asn1-pfx": "^2.3.8",
        "@peculiar/asn1-pkcs8": "^2.3.8",
        "@peculiar/asn1-schema": "^2.3.8",
        "@peculiar/asn1-x509": "^2.3.8",
        "@peculiar/asn1-x509-attr": "^2.3.8",
        "asn1js": "^3.0.5",
        "tslib": "^2.6.2"
      }
    },
    "node_modules/@peculiar/asn1-rsa": {
      "version": "2.3.8",
      "resolved": "https://registry.npmjs.org/@peculiar/asn1-rsa/-/asn1-rsa-2.3.8.tgz",
      "integrity": "sha512-ES/RVEHu8VMYXgrg3gjb1m/XG0KJWnV4qyZZ7mAg7rrF3VTmRbLxO8mk+uy0Hme7geSMebp+Wvi2U6RLLEs12Q==",
      "dev": true,
      "dependencies": {
        "@peculiar/asn1-schema": "^2.3.8",
        "@peculiar/asn1-x509": "^2.3.8",
        "asn1js": "^3.0.5",
        "tslib": "^2.6.2"
      }
    },
    "node_modules/@peculiar/asn1-schema": {
      "version": "2.3.8",
      "resolved": "https://registry.npmjs.org/@peculiar/asn1-schema/-/asn1-schema-2.3.8.tgz",
      "integrity": "sha512-ULB1XqHKx1WBU/tTFIA+uARuRoBVZ4pNdOA878RDrRbBfBGcSzi5HBkdScC6ZbHn8z7L8gmKCgPC1LHRrP46tA==",
      "dev": true,
      "dependencies": {
        "asn1js": "^3.0.5",
        "pvtsutils": "^1.3.5",
        "tslib": "^2.6.2"
      }
    },
    "node_modules/@peculiar/asn1-x509": {
      "version": "2.3.8",
      "resolved": "https://registry.npmjs.org/@peculiar/asn1-x509/-/asn1-x509-2.3.8.tgz",
      "integrity": "sha512-voKxGfDU1c6r9mKiN5ZUsZWh3Dy1BABvTM3cimf0tztNwyMJPhiXY94eRTgsMQe6ViLfT6EoXxkWVzcm3mFAFw==",
      "dev": true,
      "dependencies": {
        "@peculiar/asn1-schema": "^2.3.8",
        "asn1js": "^3.0.5",
        "ipaddr.js": "^2.1.0",
        "pvtsutils": "^1.3.5",
        "tslib": "^2.6.2"
      }
    },
    "node_modules/@peculiar/asn1-x509-attr": {
      "version": "2.3.8",
      "resolved": "https://registry.npmjs.org/@peculiar/asn1-x509-attr/-/asn1-x509-attr-2.3.8.tgz",
      "integrity": "sha512-4Z8mSN95MOuX04Aku9BUyMdsMKtVQUqWnr627IheiWnwFoheUhX3R4Y2zh23M7m80r4/WG8MOAckRKc77IRv6g==",
      "dev": true,
      "dependencies": {
        "@peculiar/asn1-schema": "^2.3.8",
        "@peculiar/asn1-x509": "^2.3.8",
        "asn1js": "^3.0.5",
        "tslib": "^2.6.2"
      }
    },
    "node_modules/@peculiar/json-schema": {
      "version": "1.1.12",
      "resolved": "https://registry.npmjs.org/@peculiar/json-schema/-/json-schema-1.1.12.tgz",
      "integrity": "sha512-coUfuoMeIB7B8/NMekxaDzLhaYmp0HZNPEjYRm9goRou8UZIC3z21s0sL9AWoCw4EG876QyO3kYrc61WNF9B/w==",
      "dev": true,
      "dependencies": {
        "tslib": "^2.0.0"
      },
      "engines": {
        "node": ">=8.0.0"
      }
    },
    "node_modules/@peculiar/x509": {
      "version": "1.9.6",
      "resolved": "https://registry.npmjs.org/@peculiar/x509/-/x509-1.9.6.tgz",
      "integrity": "sha512-BQhsxZa8SMJ8rwKJMb6VrdZk3XXE/5ab+JRr9psxHI9dw9gZrR3BsWrL3EgLoxrqOd2nP/mWVSSJGlA76aAbRw==",
      "dev": true,
      "dependencies": {
        "@peculiar/asn1-cms": "^2.3.8",
        "@peculiar/asn1-csr": "^2.3.8",
        "@peculiar/asn1-ecc": "^2.3.8",
        "@peculiar/asn1-pkcs9": "^2.3.8",
        "@peculiar/asn1-rsa": "^2.3.8",
        "@peculiar/asn1-schema": "^2.3.8",
        "@peculiar/asn1-x509": "^2.3.8",
        "pvtsutils": "^1.3.5",
        "reflect-metadata": "^0.2.1",
        "tslib": "^2.6.2",
        "tsyringe": "^4.8.0"
      }
    },
    "node_modules/asn1js": {
      "version": "3.0.5",
      "resolved": "https://registry.npmjs.org/asn1js/-/asn1js-3.0.5.tgz",
      "integrity": "sha512-FVnvrKJwpt9LP2lAMl8qZswRNm3T4q9CON+bxldk2iwk3FFpuwhx2FfinyitizWHsVYyaY+y5JzDR0rCMV5yTQ==",
      "dev": true,
      "dependencies": {
        "pvtsutils": "^1.3.2",
        "pvutils": "^1.1.3",
        "tslib": "^2.4.0"
      },
      "engines": {
        "node": ">=12.0.0"
      }
    },
    "node_modules/graphene-pk11": {
      "version": "2.3.2",
      "resolved": "https://registry.npmjs.org/graphene-pk11/-/graphene-pk11-2.3.2.tgz",
      "integrity": "sha512-fhRM7BF3MYAL6A6xgCLki/CHKfZpO8gRFpddQc/hqdPow6dymVBmgdKK23OE0HbG3LhB2yz8O+GkL2EejqXW7g==",
      "dev": true,
      "dependencies": {
        "pkcs11js": "^1.3.0",
        "tslib": "^2.4.0"
      },
      "engines": {
        "node": ">=10.4.0"
      },
      "funding": {
        "type": "github",
        "url": "https://github.com/sponsors/PeculiarVentures"
      }
    },
    "node_modules/ipaddr.js": {
      "version": "2.1.0",
      "resolved": "https://registry.npmjs.org/ipaddr.js/-/ipaddr.js-2.1.0.tgz",
      "integrity": "sha512-LlbxQ7xKzfBusov6UMi4MFpEg0m+mAm9xyNGEduwXMEDuf4WfzB/RZwMVYEd7IKGvh4IUkEXYxtAVu9T3OelJQ==",
      "dev": true,
      "engines": {
        "node": ">= 10"
      }
    },
    "node_modules/nan": {
      "version": "2.18.0",
      "resolved": "https://registry.npmjs.org/nan/-/nan-2.18.0.tgz",
      "integrity": "sha512-W7tfG7vMOGtD30sHoZSSc/JVYiyDPEyQVso/Zz+/uQd0B0L46gtC+pHha5FFMRpil6fm/AoEcRWyOVi4+E/f8w=="
    },
    "node_modules/node-webcrypto-p11": {
      "version": "2.6.3",
      "resolved": "https://registry.npmjs.org/node-webcrypto-p11/-/node-webcrypto-p11-2.6.3.tgz",
      "integrity": "sha512-re1Q6i+nAYtFtvUQ2Dkeu/q/3GEezWpIvDZ79ftMj6Mt0iw9Id9JSNdzhEhuMs7JuEjcLg7J2029h1RrF48v/g==",
      "dev": true,
      "dependencies": {
        "@peculiar/asn1-schema": "^2.3.6",
        "@peculiar/asn1-x509": "^2.3.6",
        "@peculiar/json-schema": "^1.1.12",
        "@peculiar/x509": "^1.9.3",
        "graphene-pk11": "^2.3.2",
        "pkcs11js": "^1.3.1",
        "pvtsutils": "^1.3.2",
        "tslib": "^2.5.0",
        "webcrypto-core": "^1.7.7"
      },
      "funding": {
        "type": "github",
        "url": "https://github.com/sponsors/PeculiarVentures"
      }
    },
    "node_modules/pkcs11js": {
      "version": "1.3.1",
      "resolved": "https://registry.npmjs.org/pkcs11js/-/pkcs11js-1.3.1.tgz",
      "integrity": "sha512-eo7fTeQwYGzX1pFmRaf4ji/WcDW2XKpwqylOwzutsjNWECv6G9PzDHj3Yj5dX9EW/fydMnJG8xvWj/btnQT9TA==",
      "hasInstallScript": true,
      "dependencies": {
        "nan": "^2.15.0"
      },
      "funding": {
        "type": "github",
        "url": "https://github.com/sponsors/PeculiarVentures"
      }
    },
    "node_modules/pvtsutils": {
      "version": "1.3.5",
      "resolved": "https://registry.npmjs.org/pvtsutils/-/pvtsutils-1.3.5.tgz",
      "integrity": "sha512-ARvb14YB9Nm2Xi6nBq1ZX6dAM0FsJnuk+31aUp4TrcZEdKUlSqOqsxJHUPJDNE3qiIp+iUPEIeR6Je/tgV7zsA==",
      "dev": true,
      "dependencies": {
        "tslib": "^2.6.1"
      }
    },
    "node_modules/pvutils": {
      "version": "1.1.3",
      "resolved": "https://registry.npmjs.org/pvutils/-/pvutils-1.1.3.tgz",
      "integrity": "sha512-pMpnA0qRdFp32b1sJl1wOJNxZLQ2cbQx+k6tjNtZ8CpvVhNqEPRgivZ2WOUev2YMajecdH7ctUPDvEe87nariQ==",
      "dev": true,
      "engines": {
        "node": ">=6.0.0"
      }
    },
    "node_modules/reflect-metadata": {
      "version": "0.2.1",
      "resolved": "https://registry.npmjs.org/reflect-metadata/-/reflect-metadata-0.2.1.tgz",
      "integrity": "sha512-i5lLI6iw9AU3Uu4szRNPPEkomnkjRTaVt9hy/bn5g/oSzekBSMeLZblcjP74AW0vBabqERLLIrz+gR8QYR54Tw==",
      "dev": true
    },
    "node_modules/tslib": {
      "version": "2.6.2",
      "resolved": "https://registry.npmjs.org/tslib/-/tslib-2.6.2.tgz",
      "integrity": "sha512-AEYxH93jGFPn/a2iVAwW87VuUIkR1FVUKB77NwMF7nBTDkDrrT/Hpt/IrCJ0QXhW27jTBDcf5ZY7w6RiqTMw2Q==",
      "dev": true
    },
    "node_modules/tsyringe": {
      "version": "4.8.0",
      "resolved": "https://registry.npmjs.org/tsyringe/-/tsyringe-4.8.0.tgz",
      "integrity": "sha512-YB1FG+axdxADa3ncEtRnQCFq/M0lALGLxSZeVNbTU8NqhOVc51nnv2CISTcvc1kyv6EGPtXVr0v6lWeDxiijOA==",
      "dev": true,
      "dependencies": {
        "tslib": "^1.9.3"
      },
      "engines": {
        "node": ">= 6.0.0"
      }
    },
    "node_modules/tsyringe/node_modules/tslib": {
      "version": "1.14.1",
      "resolved": "https://registry.npmjs.org/tslib/-/tslib-1.14.1.tgz",
      "integrity": "sha512-Xni35NKzjgMrwevysHTCArtLDpPvye8zV/0E4EyYn43P7/7qvQwPh9BGkHewbMulVntbigmcT7rdX3BNo9wRJg==",
      "dev": true
    },
    "node_modules/webcrypto-core": {
      "version": "1.7.7",
      "resolved": "https://registry.npmjs.org/webcrypto-core/-/webcrypto-core-1.7.7.tgz",
      "integrity": "sha512-7FjigXNsBfopEj+5DV2nhNpfic2vumtjjgPmeDKk45z+MJwXKKfhPB7118Pfzrmh4jqOMST6Ch37iPAHoImg5g==",
      "dev": true,
      "dependencies": {
        "@peculiar/asn1-schema": "^2.3.6",
        "@peculiar/json-schema": "^1.1.12",
        "asn1js": "^3.0.1",
        "pvtsutils": "^1.3.2",
        "tslib": "^2.4.0"
      }
    }
  },
  "dependencies": {
    "@peculiar/asn1-cms": {
      "version": "2.3.8",
      "resolved": "https://registry.npmjs.org/@peculiar/asn1-cms/-/asn1-cms-2.3.8.tgz",
      "integrity": "sha512-Wtk9R7yQxGaIaawHorWKP2OOOm/RZzamOmSWwaqGphIuU6TcKYih0slL6asZlSSZtVoYTrBfrddSOD/jTu9vuQ==",
      "dev": true,
      "requires": {
        "@peculiar/asn1-schema": "^2.3.8",
        "@peculiar/asn1-x509": "^2.3.8",
        "@peculiar/asn1-x509-attr": "^2.3.8",
        "asn1js": "^3.0.5",
        "tslib": "^2.6.2"
      }
    },
    "@peculiar/asn1-csr": {
      "version": "2.3.8",
      "resolved": "https://registry.npmjs.org/@peculiar/asn1-csr/-/asn1-csr-2.3.8.tgz",
      "integrity": "sha512-ZmAaP2hfzgIGdMLcot8gHTykzoI+X/S53x1xoGbTmratETIaAbSWMiPGvZmXRA0SNEIydpMkzYtq4fQBxN1u1w==",
      "dev": true,
      "requires": {
        "@peculiar/asn1-schema": "^2.3.8",
        "@peculiar/asn1-x509": "^2.3.8",
        "asn1js": "^3.0.5",
        "tslib": "^2.6.2"
      }
    },
    "@peculiar/asn1-ecc": {
      "version": "2.3.8",
      "resolved": "https://registry.npmjs.org/@peculiar/asn1-ecc/-/asn1-ecc-2.3.8.tgz",
      "integrity": "sha512-Ah/Q15y3A/CtxbPibiLM/LKcMbnLTdUdLHUgdpB5f60sSvGkXzxJCu5ezGTFHogZXWNX3KSmYqilCrfdmBc6pQ==",
      "dev": true,
      "requires": {
        "@peculiar/asn1-schema": "^2.3.8",
        "@peculiar/asn1-x509": "^2.3.8",
        "asn1js": "^3.0.5",
        "tslib": "^2.6.2"
      }
    },
    "@peculiar/asn1-pfx": {
      "version": "2.3.8",
      "resolved": "https://registry.npmjs.org/@peculiar/asn1-pfx/-/asn1-pfx-2.3.8.tgz",
      "integrity": "sha512-XhdnCVznMmSmgy68B9pVxiZ1XkKoE1BjO4Hv+eUGiY1pM14msLsFZ3N7K46SoITIVZLq92kKkXpGiTfRjlNLyg==",
      "dev": true,
      "requires": {
        "@peculiar/asn1-cms": "^2.3.8",
        "@peculiar/asn1-pkcs8": "^2.3.8",
        "@peculiar/asn1-rsa": "^2.3.8",
        "@peculiar/asn1-schema": "^2.3.8",
        "asn1js": "^3.0.5",
        "tslib": "^2.6.2"
      }
    },
    "@peculiar/asn1-pkcs8": {
      "version": "2.3.8",
      "resolved": "https://registry.npmjs.org/@peculiar/asn1-pkcs8/-/asn1-pkcs8-2.3.8.tgz",
      "integrity": "sha512-rL8k2x59v8lZiwLRqdMMmOJ30GHt6yuHISFIuuWivWjAJjnxzZBVzMTQ72sknX5MeTSSvGwPmEFk2/N8+UztFQ==",
      "dev": true,
      "requires": {
        "@peculiar/asn1-schema": "^2.3.8",
        "@peculiar/asn1-x509": "^2.3.8",
        "asn1js": "^3.0.5",
        "tslib": "^2.6.2"
      }
    },
    "@peculiar/asn1-pkcs9": {
      "version": "2.3.8",
      "resolved": "https://registry.npmjs.org/@peculiar/asn1-pkcs9/-/asn1-pkcs9-2.3.8.tgz",
      "integrity": "sha512-+nONq5tcK7vm3qdY7ZKoSQGQjhJYMJbwJGbXLFOhmqsFIxEWyQPHyV99+wshOjpOjg0wUSSkEEzX2hx5P6EKeQ==",
      "dev": true,
      "requires": {
        "@peculiar/asn1-cms": "^2.3.8",
        "@peculiar/asn1-pfx": "^2.3.8",
        "@peculiar/asn1-pkcs8": "^2.3.8",
        "@peculiar/asn1-schema": "^2.3.8",
        "@peculiar/asn1-x509": "^2.3.8",
        "@peculiar/asn1-x509-attr": "^2.3.8",
        "asn1js": "^3.0.5",
        "tslib": "^2.6.2"
      }
    },
    "@peculiar/asn1-rsa": {
      "version": "2.3.8",
      "resolved": "https://registry.npmjs.org/@peculiar/asn1-rsa/-/asn1-rsa-2.3.8.tgz",
      "integrity": "sha512-ES/RVEHu8VMYXgrg3gjb1m/XG0KJWnV4qyZZ7mAg7rrF3VTmRbLxO8mk+uy0Hme7geSMebp+Wvi2U6RLLEs12Q==",
      "dev": true,
      "requires": {
        "@peculiar/asn1-schema": "^2.3.8",
        "@peculiar/asn1-x509": "^2.3.8",
        "asn1js": "^3.0.5",
        "tslib": "^2.6.2"
      }
    },
    "@peculiar/asn1-schema": {
      "version": "2.3.8",
      "resolved": "https://registry.npmjs.org/@peculiar/asn1-schema/-/asn1-schema-2.3.8.tgz",
      "integrity": "sha512-ULB1XqHKx1WBU/tTFIA+uARuRoBVZ4pNdOA878RDrRbBfBGcSzi5HBkdScC6ZbHn8z7L8gmKCgPC1LHRrP46tA==",
      "dev": true,
      "requires": {
        "asn1js": "^3.0.5",
        "pvtsutils": "^1.3.5",
        "tslib": "^2.6.2"
      }
    },
    "@peculiar/asn1-x509": {
      "version": "2.3.8",
      "resolved": "https://registry.npmjs.org/@peculiar/asn1-x509/-/asn1-x509-2.3.8.tgz",
      "integrity": "sha512-voKxGfDU1c6r9mKiN5ZUsZWh3Dy1BABvTM3cimf0tztNwyMJPhiXY94eRTgsMQe6ViLfT6EoXxkWVzcm3mFAFw==",
      "dev": true,
      "requires": {
        "@peculiar/asn1-schema": "^2.3.8",
        "asn1js": "^3.0.5",
        "ipaddr.js": "^2.1.0",
        "pvtsutils": "^1.3.5",
        "tslib": "^2.6.2"
      }
    },
    "@peculiar/asn1-x509-attr": {
      "version": "2.3.8",
      "resolved": "https://registry.npmjs.org/@peculiar/asn1-x509-attr/-/asn1-x509-attr-2.3.8.tgz",
      "integrity": "sha512-4Z8mSN95MOuX04Aku9BUyMdsMKtVQUqWnr627IheiWnwFoheUhX3R4Y2zh23M7m80r4/WG8MOAckRKc77IRv6g==",
      "dev": true,
      "requires": {
        "@peculiar/asn1-schema": "^2.3.8",
        "@peculiar/asn1-x509": "^2.3.8",
        "asn1js": "^3.0.5",
        "tslib": "^2.6.2"
      }
    },
    "@peculiar/json-schema": {
      "version": "1.1.12",
      "resolved": "https://registry.npmjs.org/@peculiar/json-schema/-/json-schema-1.1.12.tgz",
      "integrity": "sha512-coUfuoMeIB7B8/NMekxaDzLhaYmp0HZNPEjYRm9goRou8UZIC3z21s0sL9AWoCw4EG876QyO3kYrc61WNF9B/w==",
      "dev": true,
      "requires": {
        "tslib": "^2.0.0"
      }
    },
    "@peculiar/x509": {
      "version": "1.9.6",
      "resolved": "https://registry.npmjs.org/@peculiar/x509/-/x509-1.9.6.tgz",
      "integrity": "sha512-BQhsxZa8SMJ8rwKJMb6VrdZk3XXE/5ab+JRr9psxHI9dw9gZrR3BsWrL3EgLoxrqOd2nP/mWVSSJGlA76aAbRw==",
      "dev": true,
      "requires": {
        "@peculiar/asn1-cms": "^2.3.8",
        "@peculiar/asn1-csr": "^2.3.8",
        "@peculiar/asn1-ecc": "^2.3.8",
        "@peculiar/asn1-pkcs9": "^2.3.8",
        "@peculiar/asn1-rsa": "^2.3.8",
        "@peculiar/asn1-schema": "^2.3.8",
        "@peculiar/asn1-x509": "^2.3.8",
        "pvtsutils": "^1.3.5",
        "reflect-metadata": "^0.2.1",
        "tslib": "^2.6.2",
        "tsyringe": "^4.8.0"
      }
    },
    "asn1js": {
      "version": "3.0.5",
      "resolved": "https://registry.npmjs.org/asn1js/-/asn1js-3.0.5.tgz",
      "integrity": "sha512-FVnvrKJwpt9LP2lAMl8qZswRNm3T4q9CON+bxldk2iwk3FFpuwhx2FfinyitizWHsVYyaY+y5JzDR0rCMV5yTQ==",
      "dev": true,
      "requires": {
        "pvtsutils": "^1.3.2",
        "pvutils": "^1.1.3",
        "tslib": "^2.4.0"
      }
    },
    "graphene-pk11": {
      "version": "2.3.2",
      "resolved": "https://registry.npmjs.org/graphene-pk11/-/graphene-pk11-2.3.2.tgz",
      "integrity": "sha512-fhRM7BF3MYAL6A6xgCLki/CHKfZpO8gRFpddQc/hqdPow6dymVBmgdKK23OE0HbG3LhB2yz8O+GkL2EejqXW7g==",
      "dev": true,
      "requires": {
        "pkcs11js": "^1.3.0",
        "tslib": "^2.4.0"
      }
    },
    "ipaddr.js": {
      "version": "2.1.0",
      "resolved": "https://registry.npmjs.org/ipaddr.js/-/ipaddr.js-2.1.0.tgz",
      "integrity": "sha512-LlbxQ7xKzfBusov6UMi4MFpEg0m+mAm9xyNGEduwXMEDuf4WfzB/RZwMVYEd7IKGvh4IUkEXYxtAVu9T3OelJQ==",
      "dev": true
    },
    "nan": {
      "version": "2.18.0",
      "resolved": "https://registry.npmjs.org/nan/-/nan-2.18.0.tgz",
      "integrity": "sha512-W7tfG7vMOGtD30sHoZSSc/JVYiyDPEyQVso/Zz+/uQd0B0L46gtC+pHha5FFMRpil6fm/AoEcRWyOVi4+E/f8w=="
    },
    "node-webcrypto-p11": {
      "version": "2.6.3",
      "resolved": "https://registry.npmjs.org/node-webcrypto-p11/-/node-webcrypto-p11-2.6.3.tgz",
      "integrity": "sha512-re1Q6i+nAYtFtvUQ2Dkeu/q/3GEezWpIvDZ79ftMj6Mt0iw9Id9JSNdzhEhuMs7JuEjcLg7J2029h1RrF48v/g==",
      "dev": true,
      "requires": {
        "@peculiar/asn1-schema": "^2.3.6",
        "@peculiar/asn1-x509": "^2.3.6",
        "@peculiar/json-schema": "^1.1.12",
        "@peculiar/x509": "^1.9.3",
        "graphene-pk11": "^2.3.2",
        "pkcs11js": "^1.3.1",
        "pvtsutils": "^1.3.2",
        "tslib": "^2.5.0",
        "webcrypto-core": "^1.7.7"
      }
    },
    "pkcs11js": {
      "version": "1.3.1",
      "resolved": "https://registry.npmjs.org/pkcs11js/-/pkcs11js-1.3.1.tgz",
      "integrity": "sha512-eo7fTeQwYGzX1pFmRaf4ji/WcDW2XKpwqylOwzutsjNWECv6G9PzDHj3Yj5dX9EW/fydMnJG8xvWj/btnQT9TA==",
      "requires": {
        "nan": "^2.15.0"
      }
    },
    "pvtsutils": {
      "version": "1.3.5",
      "resolved": "https://registry.npmjs.org/pvtsutils/-/pvtsutils-1.3.5.tgz",
      "integrity": "sha512-ARvb14YB9Nm2Xi6nBq1ZX6dAM0FsJnuk+31aUp4TrcZEdKUlSqOqsxJHUPJDNE3qiIp+iUPEIeR6Je/tgV7zsA==",
      "dev": true,
      "requires": {
        "tslib": "^2.6.1"
      }
    },
    "pvutils": {
      "version": "1.1.3",
      "resolved": "https://registry.npmjs.org/pvutils/-/pvutils-1.1.3.tgz",
      "integrity": "sha512-pMpnA0qRdFp32b1sJl1wOJNxZLQ2cbQx+k6tjNtZ8CpvVhNqEPRgivZ2WOUev2YMajecdH7ctUPDvEe87nariQ==",
      "dev": true
    },
    "reflect-metadata": {
      "version": "0.2.1",
      "resolved": "https://registry.npmjs.org/reflect-metadata/-/reflect-metadata-0.2.1.tgz",
      "integrity": "sha512-i5lLI6iw9AU3Uu4szRNPPEkomnkjRTaVt9hy/bn5g/oSzekBSMeLZblcjP74AW0vBabqERLLIrz+gR8QYR54Tw==",
      "dev": true
    },
    "tslib": {
      "version": "2.6.2",
      "resolved": "https://registry.npmjs.org/tslib/-/tslib-2.6.2.tgz",
      "integrity": "sha512-AEYxH93jGFPn/a2iVAwW87VuUIkR1FVUKB77NwMF7nBTDkDrrT/Hpt/IrCJ0QXhW27jTBDcf5ZY7w6RiqTMw2Q==",
      "dev": true
    },
    "tsyringe": {
      "version": "4.8.0",
      "resolved": "https://registry.npmjs.org/tsyringe/-/tsyringe-4.8.0.tgz",
      "integrity": "sha512-YB1FG+axdxADa3ncEtRnQCFq/M0lALGLxSZeVNbTU8NqhOVc51nnv2CISTcvc1kyv6EGPtXVr0v6lWeDxiijOA==",
      "dev": true,
      "requires": {
        "tslib": "^1.9.3"
      },
      "dependencies": {
        "tslib": {
          "version": "1.14.1",
          "resolved": "https://registry.npmjs.org/tslib/-/tslib-1.14.1.tgz",
          "integrity": "sha512-Xni35NKzjgMrwevysHTCArtLDpPvye8zV/0E4EyYn43P7/7qvQwPh9BGkHewbMulVntbigmcT7rdX3BNo9wRJg==",
          "dev": true
        }
      }
    },
    "webcrypto-core": {
      "version": "1.7.7",
      "resolved": "https://registry.npmjs.org/webcrypto-core/-/webcrypto-core-1.7.7.tgz",
      "integrity": "sha512-7FjigXNsBfopEj+5DV2nhNpfic2vumtjjgPmeDKk45z+MJwXKKfhPB7118Pfzrmh4jqOMST6Ch37iPAHoImg5g==",
      "dev": true,
      "requires": {
        "@peculiar/asn1-schema": "^2.3.6",
        "@peculiar/json-schema": "^1.1.12",
        "asn1js": "^3.0.1",
        "pvtsutils": "^1.3.2",
        "tslib": "^2.4.0"
      }
    }
  }
}
